// !$*UTF8*$!
{
	archiveVersion = 1;
	classes = {
	};
	objectVersion = 50;
	objects = {

/* Begin PBXBuildFile section */
		53261A0D23C3CF1F00943251 /* AppDelegate.swift in Sources */ = {isa = PBXBuildFile; fileRef = 53261A0C23C3CF1F00943251 /* AppDelegate.swift */; };
		53261A0F23C3CF1F00943251 /* SceneDelegate.swift in Sources */ = {isa = PBXBuildFile; fileRef = 53261A0E23C3CF1F00943251 /* SceneDelegate.swift */; };
		53261A1123C3CF1F00943251 /* ViewController.swift in Sources */ = {isa = PBXBuildFile; fileRef = 53261A1023C3CF1F00943251 /* ViewController.swift */; };
		53261A1423C3CF1F00943251 /* Main.storyboard in Resources */ = {isa = PBXBuildFile; fileRef = 53261A1223C3CF1F00943251 /* Main.storyboard */; };
		53261A1623C3CF2100943251 /* Assets.xcassets in Resources */ = {isa = PBXBuildFile; fileRef = 53261A1523C3CF2100943251 /* Assets.xcassets */; };
		53261A1923C3CF2100943251 /* LaunchScreen.storyboard in Resources */ = {isa = PBXBuildFile; fileRef = 53261A1723C3CF2100943251 /* LaunchScreen.storyboard */; };
		53261A2423C3CF2100943251 /* CollisionsTests.swift in Sources */ = {isa = PBXBuildFile; fileRef = 53261A2323C3CF2100943251 /* CollisionsTests.swift */; };
		53261A2F23C3CF2100943251 /* CollisionsUITests.swift in Sources */ = {isa = PBXBuildFile; fileRef = 53261A2E23C3CF2100943251 /* CollisionsUITests.swift */; };
/* End PBXBuildFile section */

/* Begin PBXContainerItemProxy section */
		53261A2023C3CF2100943251 /* PBXContainerItemProxy */ = {
			isa = PBXContainerItemProxy;
			containerPortal = 53261A0123C3CF1F00943251 /* Project object */;
			proxyType = 1;
			remoteGlobalIDString = 53261A0823C3CF1F00943251;
			remoteInfo = Collisions;
		};
		53261A2B23C3CF2100943251 /* PBXContainerItemProxy */ = {
			isa = PBXContainerItemProxy;
			containerPortal = 53261A0123C3CF1F00943251 /* Project object */;
			proxyType = 1;
			remoteGlobalIDString = 53261A0823C3CF1F00943251;
			remoteInfo = Collisions;
		};
/* End PBXContainerItemProxy section */

/* Begin PBXFileReference section */
		53261A0923C3CF1F00943251 /* Collisions.app */ = {isa = PBXFileReference; explicitFileType = wrapper.application; includeInIndex = 0; path = Collisions.app; sourceTree = BUILT_PRODUCTS_DIR; };
		53261A0C23C3CF1F00943251 /* AppDelegate.swift */ = {isa = PBXFileReference; lastKnownFileType = sourcecode.swift; path = AppDelegate.swift; sourceTree = "<group>"; };
		53261A0E23C3CF1F00943251 /* SceneDelegate.swift */ = {isa = PBXFileReference; lastKnownFileType = sourcecode.swift; path = SceneDelegate.swift; sourceTree = "<group>"; };
		53261A1023C3CF1F00943251 /* ViewController.swift */ = {isa = PBXFileReference; lastKnownFileType = sourcecode.swift; path = ViewController.swift; sourceTree = "<group>"; };
		53261A1323C3CF1F00943251 /* Base */ = {isa = PBXFileReference; lastKnownFileType = file.storyboard; name = Base; path = Base.lproj/Main.storyboard; sourceTree = "<group>"; };
		53261A1523C3CF2100943251 /* Assets.xcassets */ = {isa = PBXFileReference; lastKnownFileType = folder.assetcatalog; path = Assets.xcassets; sourceTree = "<group>"; };
		53261A1823C3CF2100943251 /* Base */ = {isa = PBXFileReference; lastKnownFileType = file.storyboard; name = Base; path = Base.lproj/LaunchScreen.storyboard; sourceTree = "<group>"; };
		53261A1A23C3CF2100943251 /* Info.plist */ = {isa = PBXFileReference; lastKnownFileType = text.plist.xml; path = Info.plist; sourceTree = "<group>"; };
		53261A1F23C3CF2100943251 /* CollisionsTests.xctest */ = {isa = PBXFileReference; explicitFileType = wrapper.cfbundle; includeInIndex = 0; path = CollisionsTests.xctest; sourceTree = BUILT_PRODUCTS_DIR; };
		53261A2323C3CF2100943251 /* CollisionsTests.swift */ = {isa = PBXFileReference; lastKnownFileType = sourcecode.swift; path = CollisionsTests.swift; sourceTree = "<group>"; };
		53261A2523C3CF2100943251 /* Info.plist */ = {isa = PBXFileReference; lastKnownFileType = text.plist.xml; path = Info.plist; sourceTree = "<group>"; };
		53261A2A23C3CF2100943251 /* CollisionsUITests.xctest */ = {isa = PBXFileReference; explicitFileType = wrapper.cfbundle; includeInIndex = 0; path = CollisionsUITests.xctest; sourceTree = BUILT_PRODUCTS_DIR; };
		53261A2E23C3CF2100943251 /* CollisionsUITests.swift */ = {isa = PBXFileReference; lastKnownFileType = sourcecode.swift; path = CollisionsUITests.swift; sourceTree = "<group>"; };
		53261A3023C3CF2100943251 /* Info.plist */ = {isa = PBXFileReference; lastKnownFileType = text.plist.xml; path = Info.plist; sourceTree = "<group>"; };
/* End PBXFileReference section */

/* Begin PBXFrameworksBuildPhase section */
		53261A0623C3CF1F00943251 /* Frameworks */ = {
			isa = PBXFrameworksBuildPhase;
			buildActionMask = 2147483647;
			files = (
			);
			runOnlyForDeploymentPostprocessing = 0;
		};
		53261A1C23C3CF2100943251 /* Frameworks */ = {
			isa = PBXFrameworksBuildPhase;
			buildActionMask = 2147483647;
			files = (
			);
			runOnlyForDeploymentPostprocessing = 0;
		};
		53261A2723C3CF2100943251 /* Frameworks */ = {
			isa = PBXFrameworksBuildPhase;
			buildActionMask = 2147483647;
			files = (
			);
			runOnlyForDeploymentPostprocessing = 0;
		};
/* End PBXFrameworksBuildPhase section */

/* Begin PBXGroup section */
		53261A0023C3CF1F00943251 = {
			isa = PBXGroup;
			children = (
				53261A0B23C3CF1F00943251 /* Collisions */,
				53261A2223C3CF2100943251 /* CollisionsTests */,
				53261A2D23C3CF2100943251 /* CollisionsUITests */,
				53261A0A23C3CF1F00943251 /* Products */,
			);
			sourceTree = "<group>";
		};
		53261A0A23C3CF1F00943251 /* Products */ = {
			isa = PBXGroup;
			children = (
				53261A0923C3CF1F00943251 /* Collisions.app */,
				53261A1F23C3CF2100943251 /* CollisionsTests.xctest */,
				53261A2A23C3CF2100943251 /* CollisionsUITests.xctest */,
			);
			name = Products;
			sourceTree = "<group>";
		};
		53261A0B23C3CF1F00943251 /* Collisions */ = {
			isa = PBXGroup;
			children = (
				53261A0C23C3CF1F00943251 /* AppDelegate.swift */,
				53261A0E23C3CF1F00943251 /* SceneDelegate.swift */,
				53261A1023C3CF1F00943251 /* ViewController.swift */,
				53261A1223C3CF1F00943251 /* Main.storyboard */,
				53261A1523C3CF2100943251 /* Assets.xcassets */,
				53261A1723C3CF2100943251 /* LaunchScreen.storyboard */,
				53261A1A23C3CF2100943251 /* Info.plist */,
			);
			path = Collisions;
			sourceTree = "<group>";
		};
		53261A2223C3CF2100943251 /* CollisionsTests */ = {
			isa = PBXGroup;
			children = (
				53261A2323C3CF2100943251 /* CollisionsTests.swift */,
				53261A2523C3CF2100943251 /* Info.plist */,
			);
			path = CollisionsTests;
			sourceTree = "<group>";
		};
		53261A2D23C3CF2100943251 /* CollisionsUITests */ = {
			isa = PBXGroup;
			children = (
				53261A2E23C3CF2100943251 /* CollisionsUITests.swift */,
				53261A3023C3CF2100943251 /* Info.plist */,
			);
			path = CollisionsUITests;
			sourceTree = "<group>";
		};
/* End PBXGroup section */

/* Begin PBXNativeTarget section */
		53261A0823C3CF1F00943251 /* Collisions */ = {
			isa = PBXNativeTarget;
			buildConfigurationList = 53261A3323C3CF2100943251 /* Build configuration list for PBXNativeTarget "Collisions" */;
			buildPhases = (
				53261A0523C3CF1F00943251 /* Sources */,
				53261A0623C3CF1F00943251 /* Frameworks */,
				53261A0723C3CF1F00943251 /* Resources */,
			);
			buildRules = (
			);
			dependencies = (
			);
			name = Collisions;
			productName = Collisions;
			productReference = 53261A0923C3CF1F00943251 /* Collisions.app */;
			productType = "com.apple.product-type.application";
		};
		53261A1E23C3CF2100943251 /* CollisionsTests */ = {
			isa = PBXNativeTarget;
			buildConfigurationList = 53261A3623C3CF2100943251 /* Build configuration list for PBXNativeTarget "CollisionsTests" */;
			buildPhases = (
				53261A1B23C3CF2100943251 /* Sources */,
				53261A1C23C3CF2100943251 /* Frameworks */,
				53261A1D23C3CF2100943251 /* Resources */,
			);
			buildRules = (
			);
			dependencies = (
				53261A2123C3CF2100943251 /* PBXTargetDependency */,
			);
			name = CollisionsTests;
			productName = CollisionsTests;
			productReference = 53261A1F23C3CF2100943251 /* CollisionsTests.xctest */;
			productType = "com.apple.product-type.bundle.unit-test";
		};
		53261A2923C3CF2100943251 /* CollisionsUITests */ = {
			isa = PBXNativeTarget;
			buildConfigurationList = 53261A3923C3CF2100943251 /* Build configuration list for PBXNativeTarget "CollisionsUITests" */;
			buildPhases = (
				53261A2623C3CF2100943251 /* Sources */,
				53261A2723C3CF2100943251 /* Frameworks */,
				53261A2823C3CF2100943251 /* Resources */,
			);
			buildRules = (
			);
			dependencies = (
				53261A2C23C3CF2100943251 /* PBXTargetDependency */,
			);
			name = CollisionsUITests;
			productName = CollisionsUITests;
			productReference = 53261A2A23C3CF2100943251 /* CollisionsUITests.xctest */;
			productType = "com.apple.product-type.bundle.ui-testing";
		};
/* End PBXNativeTarget section */

/* Begin PBXProject section */
		53261A0123C3CF1F00943251 /* Project object */ = {
			isa = PBXProject;
			attributes = {
				LastSwiftUpdateCheck = 1130;
				LastUpgradeCheck = 1130;
				ORGANIZATIONNAME = "Livia Vasconcelos";
				TargetAttributes = {
					53261A0823C3CF1F00943251 = {
						CreatedOnToolsVersion = 11.3;
					};
					53261A1E23C3CF2100943251 = {
						CreatedOnToolsVersion = 11.3;
						TestTargetID = 53261A0823C3CF1F00943251;
					};
					53261A2923C3CF2100943251 = {
						CreatedOnToolsVersion = 11.3;
						TestTargetID = 53261A0823C3CF1F00943251;
					};
				};
			};
			buildConfigurationList = 53261A0423C3CF1F00943251 /* Build configuration list for PBXProject "Collisions" */;
			compatibilityVersion = "Xcode 9.3";
			developmentRegion = en;
			hasScannedForEncodings = 0;
			knownRegions = (
				en,
				Base,
			);
			mainGroup = 53261A0023C3CF1F00943251;
			productRefGroup = 53261A0A23C3CF1F00943251 /* Products */;
			projectDirPath = "";
			projectRoot = "";
			targets = (
				53261A0823C3CF1F00943251 /* Collisions */,
				53261A1E23C3CF2100943251 /* CollisionsTests */,
				53261A2923C3CF2100943251 /* CollisionsUITests */,
			);
		};
/* End PBXProject section */

/* Begin PBXResourcesBuildPhase section */
		53261A0723C3CF1F00943251 /* Resources */ = {
			isa = PBXResourcesBuildPhase;
			buildActionMask = 2147483647;
			files = (
				53261A1923C3CF2100943251 /* LaunchScreen.storyboard in Resources */,
				53261A1623C3CF2100943251 /* Assets.xcassets in Resources */,
				53261A1423C3CF1F00943251 /* Main.storyboard in Resources */,
			);
			runOnlyForDeploymentPostprocessing = 0;
		};
		53261A1D23C3CF2100943251 /* Resources */ = {
			isa = PBXResourcesBuildPhase;
			buildActionMask = 2147483647;
			files = (
			);
			runOnlyForDeploymentPostprocessing = 0;
		};
		53261A2823C3CF2100943251 /* Resources */ = {
			isa = PBXResourcesBuildPhase;
			buildActionMask = 2147483647;
			files = (
			);
			runOnlyForDeploymentPostprocessing = 0;
		};
/* End PBXResourcesBuildPhase section */

/* Begin PBXSourcesBuildPhase section */
		53261A0523C3CF1F00943251 /* Sources */ = {
			isa = PBXSourcesBuildPhase;
			buildActionMask = 2147483647;
			files = (
				53261A1123C3CF1F00943251 /* ViewController.swift in Sources */,
				53261A0D23C3CF1F00943251 /* AppDelegate.swift in Sources */,
				53261A0F23C3CF1F00943251 /* SceneDelegate.swift in Sources */,
			);
			runOnlyForDeploymentPostprocessing = 0;
		};
		53261A1B23C3CF2100943251 /* Sources */ = {
			isa = PBXSourcesBuildPhase;
			buildActionMask = 2147483647;
			files = (
				53261A2423C3CF2100943251 /* CollisionsTests.swift in Sources */,
			);
			runOnlyForDeploymentPostprocessing = 0;
		};
		53261A2623C3CF2100943251 /* Sources */ = {
			isa = PBXSourcesBuildPhase;
			buildActionMask = 2147483647;
			files = (
				53261A2F23C3CF2100943251 /* CollisionsUITests.swift in Sources */,
			);
			runOnlyForDeploymentPostprocessing = 0;
		};
/* End PBXSourcesBuildPhase section */

/* Begin PBXTargetDependency section */
		53261A2123C3CF2100943251 /* PBXTargetDependency */ = {
			isa = PBXTargetDependency;
			target = 53261A0823C3CF1F00943251 /* Collisions */;
			targetProxy = 53261A2023C3CF2100943251 /* PBXContainerItemProxy */;
		};
		53261A2C23C3CF2100943251 /* PBXTargetDependency */ = {
			isa = PBXTargetDependency;
			target = 53261A0823C3CF1F00943251 /* Collisions */;
			targetProxy = 53261A2B23C3CF2100943251 /* PBXContainerItemProxy */;
		};
/* End PBXTargetDependency section */

/* Begin PBXVariantGroup section */
		53261A1223C3CF1F00943251 /* Main.storyboard */ = {
			isa = PBXVariantGroup;
			children = (
				53261A1323C3CF1F00943251 /* Base */,
			);
			name = Main.storyboard;
			sourceTree = "<group>";
		};
		53261A1723C3CF2100943251 /* LaunchScreen.storyboard */ = {
			isa = PBXVariantGroup;
			children = (
				53261A1823C3CF2100943251 /* Base */,
			);
			name = LaunchScreen.storyboard;
			sourceTree = "<group>";
		};
/* End PBXVariantGroup section */

/* Begin XCBuildConfiguration section */
		53261A3123C3CF2100943251 /* Debug */ = {
			isa = XCBuildConfiguration;
			buildSettings = {
				ALWAYS_SEARCH_USER_PATHS = NO;
				CLANG_ANALYZER_NONNULL = YES;
				CLANG_ANALYZER_NUMBER_OBJECT_CONVERSION = YES_AGGRESSIVE;
				CLANG_CXX_LANGUAGE_STANDARD = "gnu++14";
				CLANG_CXX_LIBRARY = "libc++";
				CLANG_ENABLE_MODULES = YES;
				CLANG_ENABLE_OBJC_ARC = YES;
				CLANG_ENABLE_OBJC_WEAK = YES;
				CLANG_WARN_BLOCK_CAPTURE_AUTORELEASING = YES;
				CLANG_WARN_BOOL_CONVERSION = YES;
				CLANG_WARN_COMMA = YES;
				CLANG_WARN_CONSTANT_CONVERSION = YES;
				CLANG_WARN_DEPRECATED_OBJC_IMPLEMENTATIONS = YES;
				CLANG_WARN_DIRECT_OBJC_ISA_USAGE = YES_ERROR;
				CLANG_WARN_DOCUMENTATION_COMMENTS = YES;
				CLANG_WARN_EMPTY_BODY = YES;
				CLANG_WARN_ENUM_CONVERSION = YES;
				CLANG_WARN_INFINITE_RECURSION = YES;
				CLANG_WARN_INT_CONVERSION = YES;
				CLANG_WARN_NON_LITERAL_NULL_CONVERSION = YES;
				CLANG_WARN_OBJC_IMPLICIT_RETAIN_SELF = YES;
				CLANG_WARN_OBJC_LITERAL_CONVERSION = YES;
				CLANG_WARN_OBJC_ROOT_CLASS = YES_ERROR;
				CLANG_WARN_RANGE_LOOP_ANALYSIS = YES;
				CLANG_WARN_STRICT_PROTOTYPES = YES;
				CLANG_WARN_SUSPICIOUS_MOVE = YES;
				CLANG_WARN_UNGUARDED_AVAILABILITY = YES_AGGRESSIVE;
				CLANG_WARN_UNREACHABLE_CODE = YES;
				CLANG_WARN__DUPLICATE_METHOD_MATCH = YES;
				COPY_PHASE_STRIP = NO;
				DEBUG_INFORMATION_FORMAT = dwarf;
				ENABLE_STRICT_OBJC_MSGSEND = YES;
				ENABLE_TESTABILITY = YES;
				GCC_C_LANGUAGE_STANDARD = gnu11;
				GCC_DYNAMIC_NO_PIC = NO;
				GCC_NO_COMMON_BLOCKS = YES;
				GCC_OPTIMIZATION_LEVEL = 0;
				GCC_PREPROCESSOR_DEFINITIONS = (
					"DEBUG=1",
					"$(inherited)",
				);
				GCC_WARN_64_TO_32_BIT_CONVERSION = YES;
				GCC_WARN_ABOUT_RETURN_TYPE = YES_ERROR;
				GCC_WARN_UNDECLARED_SELECTOR = YES;
				GCC_WARN_UNINITIALIZED_AUTOS = YES_AGGRESSIVE;
				GCC_WARN_UNUSED_FUNCTION = YES;
				GCC_WARN_UNUSED_VARIABLE = YES;
				IPHONEOS_DEPLOYMENT_TARGET = 13.2;
				MTL_ENABLE_DEBUG_INFO = INCLUDE_SOURCE;
				MTL_FAST_MATH = YES;
				ONLY_ACTIVE_ARCH = YES;
				SDKROOT = iphoneos;
				SWIFT_ACTIVE_COMPILATION_CONDITIONS = DEBUG;
				SWIFT_OPTIMIZATION_LEVEL = "-Onone";
			};
			name = Debug;
		};
		53261A3223C3CF2100943251 /* Release */ = {
			isa = XCBuildConfiguration;
			buildSettings = {
				ALWAYS_SEARCH_USER_PATHS = NO;
				CLANG_ANALYZER_NONNULL = YES;
				CLANG_ANALYZER_NUMBER_OBJECT_CONVERSION = YES_AGGRESSIVE;
				CLANG_CXX_LANGUAGE_STANDARD = "gnu++14";
				CLANG_CXX_LIBRARY = "libc++";
				CLANG_ENABLE_MODULES = YES;
				CLANG_ENABLE_OBJC_ARC = YES;
				CLANG_ENABLE_OBJC_WEAK = YES;
				CLANG_WARN_BLOCK_CAPTURE_AUTORELEASING = YES;
				CLANG_WARN_BOOL_CONVERSION = YES;
				CLANG_WARN_COMMA = YES;
				CLANG_WARN_CONSTANT_CONVERSION = YES;
				CLANG_WARN_DEPRECATED_OBJC_IMPLEMENTATIONS = YES;
				CLANG_WARN_DIRECT_OBJC_ISA_USAGE = YES_ERROR;
				CLANG_WARN_DOCUMENTATION_COMMENTS = YES;
				CLANG_WARN_EMPTY_BODY = YES;
				CLANG_WARN_ENUM_CONVERSION = YES;
				CLANG_WARN_INFINITE_RECURSION = YES;
				CLANG_WARN_INT_CONVERSION = YES;
				CLANG_WARN_NON_LITERAL_NULL_CONVERSION = YES;
				CLANG_WARN_OBJC_IMPLICIT_RETAIN_SELF = YES;
				CLANG_WARN_OBJC_LITERAL_CONVERSION = YES;
				CLANG_WARN_OBJC_ROOT_CLASS = YES_ERROR;
				CLANG_WARN_RANGE_LOOP_ANALYSIS = YES;
				CLANG_WARN_STRICT_PROTOTYPES = YES;
				CLANG_WARN_SUSPICIOUS_MOVE = YES;
				CLANG_WARN_UNGUARDED_AVAILABILITY = YES_AGGRESSIVE;
				CLANG_WARN_UNREACHABLE_CODE = YES;
				CLANG_WARN__DUPLICATE_METHOD_MATCH = YES;
				COPY_PHASE_STRIP = NO;
				DEBUG_INFORMATION_FORMAT = "dwarf-with-dsym";
				ENABLE_NS_ASSERTIONS = NO;
				ENABLE_STRICT_OBJC_MSGSEND = YES;
				GCC_C_LANGUAGE_STANDARD = gnu11;
				GCC_NO_COMMON_BLOCKS = YES;
				GCC_WARN_64_TO_32_BIT_CONVERSION = YES;
				GCC_WARN_ABOUT_RETURN_TYPE = YES_ERROR;
				GCC_WARN_UNDECLARED_SELECTOR = YES;
				GCC_WARN_UNINITIALIZED_AUTOS = YES_AGGRESSIVE;
				GCC_WARN_UNUSED_FUNCTION = YES;
				GCC_WARN_UNUSED_VARIABLE = YES;
				IPHONEOS_DEPLOYMENT_TARGET = 13.2;
				MTL_ENABLE_DEBUG_INFO = NO;
				MTL_FAST_MATH = YES;
				SDKROOT = iphoneos;
				SWIFT_COMPILATION_MODE = wholemodule;
				SWIFT_OPTIMIZATION_LEVEL = "-O";
				VALIDATE_PRODUCT = YES;
			};
			name = Release;
		};
		53261A3423C3CF2100943251 /* Debug */ = {
			isa = XCBuildConfiguration;
			buildSettings = {
				ASSETCATALOG_COMPILER_APPICON_NAME = AppIcon;
				CODE_SIGN_STYLE = Automatic;
				DEVELOPMENT_TEAM = L9CMSL6QFV;
				INFOPLIST_FILE = Collisions/Info.plist;
				LD_RUNPATH_SEARCH_PATHS = (
					"$(inherited)",
					"@executable_path/Frameworks",
				);
				PRODUCT_BUNDLE_IDENTIFIER = com.liuvasconcelos.Planets;
				PRODUCT_NAME = "$(TARGET_NAME)";
				SWIFT_VERSION = 5.0;
				TARGETED_DEVICE_FAMILY = "1,2";
			};
			name = Debug;
		};
		53261A3523C3CF2100943251 /* Release */ = {
			isa = XCBuildConfiguration;
			buildSettings = {
				ASSETCATALOG_COMPILER_APPICON_NAME = AppIcon;
				CODE_SIGN_STYLE = Automatic;
				DEVELOPMENT_TEAM = L9CMSL6QFV;
				INFOPLIST_FILE = Collisions/Info.plist;
				LD_RUNPATH_SEARCH_PATHS = (
					"$(inherited)",
					"@executable_path/Frameworks",
				);
				PRODUCT_BUNDLE_IDENTIFIER = com.liuvasconcelos.Planets;
				PRODUCT_NAME = "$(TARGET_NAME)";
				SWIFT_VERSION = 5.0;
				TARGETED_DEVICE_FAMILY = "1,2";
			};
			name = Release;
		};
		53261A3723C3CF2100943251 /* Debug */ = {
			isa = XCBuildConfiguration;
			buildSettings = {
				ALWAYS_EMBED_SWIFT_STANDARD_LIBRARIES = YES;
				BUNDLE_LOADER = "$(TEST_HOST)";
				CODE_SIGN_STYLE = Automatic;
				DEVELOPMENT_TEAM = L9CMSL6QFV;
				INFOPLIST_FILE = CollisionsTests/Info.plist;
				IPHONEOS_DEPLOYMENT_TARGET = 13.2;
				LD_RUNPATH_SEARCH_PATHS = (
					"$(inherited)",
					"@executable_path/Frameworks",
					"@loader_path/Frameworks",
				);
				PRODUCT_BUNDLE_IDENTIFIER = com.liuvasconcelos.CollisionsTests;
				PRODUCT_NAME = "$(TARGET_NAME)";
				SWIFT_VERSION = 5.0;
				TARGETED_DEVICE_FAMILY = "1,2";
				TEST_HOST = "$(BUILT_PRODUCTS_DIR)/Collisions.app/Collisions";
			};
			name = Debug;
		};
		53261A3823C3CF2100943251 /* Release */ = {
			isa = XCBuildConfiguration;
			buildSettings = {
				ALWAYS_EMBED_SWIFT_STANDARD_LIBRARIES = YES;
				BUNDLE_LOADER = "$(TEST_HOST)";
				CODE_SIGN_STYLE = Automatic;
				DEVELOPMENT_TEAM = L9CMSL6QFV;
				INFOPLIST_FILE = CollisionsTests/Info.plist;
				IPHONEOS_DEPLOYMENT_TARGET = 13.2;
				LD_RUNPATH_SEARCH_PATHS = (
					"$(inherited)",
					"@executable_path/Frameworks",
					"@loader_path/Frameworks",
				);
				PRODUCT_BUNDLE_IDENTIFIER = com.liuvasconcelos.CollisionsTests;
				PRODUCT_NAME = "$(TARGET_NAME)";
				SWIFT_VERSION = 5.0;
				TARGETED_DEVICE_FAMILY = "1,2";
				TEST_HOST = "$(BUILT_PRODUCTS_DIR)/Collisions.app/Collisions";
			};
			name = Release;
		};
		53261A3A23C3CF2100943251 /* Debug */ = {
			isa = XCBuildConfiguration;
			buildSettings = {
				ALWAYS_EMBED_SWIFT_STANDARD_LIBRARIES = YES;
				CODE_SIGN_STYLE = Automatic;
				DEVELOPMENT_TEAM = L9CMSL6QFV;
				INFOPLIST_FILE = CollisionsUITests/Info.plist;
				LD_RUNPATH_SEARCH_PATHS = (
					"$(inherited)",
					"@executable_path/Frameworks",
					"@loader_path/Frameworks",
				);
				PRODUCT_BUNDLE_IDENTIFIER = com.liuvasconcelos.CollisionsUITests;
				PRODUCT_NAME = "$(TARGET_NAME)";
				SWIFT_VERSION = 5.0;
				TARGETED_DEVICE_FAMILY = "1,2";
				TEST_TARGET_NAME = Collisions;
			};
			name = Debug;
		};
		53261A3B23C3CF2100943251 /* Release */ = {
			isa = XCBuildConfiguration;
			buildSettings = {
				ALWAYS_EMBED_SWIFT_STANDARD_LIBRARIES = YES;
				CODE_SIGN_STYLE = Automatic;
				DEVELOPMENT_TEAM = L9CMSL6QFV;
				INFOPLIST_FILE = CollisionsUITests/Info.plist;
				LD_RUNPATH_SEARCH_PATHS = (
					"$(inherited)",
					"@executable_path/Frameworks",
					"@loader_path/Frameworks",
				);
				PRODUCT_BUNDLE_IDENTIFIER = com.liuvasconcelos.CollisionsUITests;
				PRODUCT_NAME = "$(TARGET_NAME)";
				SWIFT_VERSION = 5.0;
				TARGETED_DEVICE_FAMILY = "1,2";
				TEST_TARGET_NAME = Collisions;
			};
			name = Release;
		};
/* End XCBuildConfiguration section */

/* Begin XCConfigurationList section */
		53261A0423C3CF1F00943251 /* Build configuration list for PBXProject "Collisions" */ = {
			isa = XCConfigurationList;
			buildConfigurations = (
				53261A3123C3CF2100943251 /* Debug */,
				53261A3223C3CF2100943251 /* Release */,
			);
			defaultConfigurationIsVisible = 0;
			defaultConfigurationName = Release;
		};
		53261A3323C3CF2100943251 /* Build configuration list for PBXNativeTarget "Collisions" */ = {
			isa = XCConfigurationList;
			buildConfigurations = (
				53261A3423C3CF2100943251 /* Debug */,
				53261A3523C3CF2100943251 /* Release */,
			);
			defaultConfigurationIsVisible = 0;
			defaultConfigurationName = Release;
		};
		53261A3623C3CF2100943251 /* Build configuration list for PBXNativeTarget "CollisionsTests" */ = {
			isa = XCConfigurationList;
			buildConfigurations = (
				53261A3723C3CF2100943251 /* Debug */,
				53261A3823C3CF2100943251 /* Release */,
			);
			defaultConfigurationIsVisible = 0;
			defaultConfigurationName = Release;
		};
		53261A3923C3CF2100943251 /* Build configuration list for PBXNativeTarget "CollisionsUITests" */ = {
			isa = XCConfigurationList;
			buildConfigurations = (
				53261A3A23C3CF2100943251 /* Debug */,
				53261A3B23C3CF2100943251 /* Release */,
			);
			defaultConfigurationIsVisible = 0;
			defaultConfigurationName = Release;
		};
/* End XCConfigurationList section */
	};
	rootObject = 53261A0123C3CF1F00943251 /* Project object */;
}
